
Microsoft Visual Studio Solution File, Format Version 12.00
# Visual Studio Version 16
VisualStudioVersion = 16.0.29613.14
MinimumVisualStudioVersion = 10.0.40219.1
Project("{2150E333-8FDC-42A3-9474-1A3956D46DE8}") = "Tests", "Tests", "{E25E5140-8A91-48AF-B1A6-2FAEDE57B598}"
EndProject
Project("{FAE04EC0-301F-11D3-BF4B-00C04F79EFBC}") = "EasyFTPClient.WPFUI", "EasyFTPClient.WPFUI\EasyFTPClient.WPFUI.csproj", "{00AD0491-4675-48EB-B8FA-94C0EE502018}"
EndProject
Project("{FAE04EC0-301F-11D3-BF4B-00C04F79EFBC}") = "EasyFTPClient.Application", "EasyFTPClient.Application\EasyFTPClient.Application.csproj", "{BD5C9E48-61B5-4A2C-ACE0-3503274CF066}"
EndProject
Project("{FAE04EC0-301F-11D3-BF4B-00C04F79EFBC}") = "EasyFTPClient.Application.Test", "Tests\EasyFTPClient.Application.Test\EasyFTPClient.Application.Test.csproj", "{C9267F42-1EB1-453F-80EE-8992469EB950}"
EndProject
Global
	GlobalSection(SolutionConfigurationPlatforms) = preSolution
		Debug|Any CPU = Debug|Any CPU
		Release|Any CPU = Release|Any CPU
	EndGlobalSection
	GlobalSection(ProjectConfigurationPlatforms) = postSolution
		{00AD0491-4675-48EB-B8FA-94C0EE502018}.Debug|Any CPU.ActiveCfg = Debug|Any CPU
		{00AD0491-4675-48EB-B8FA-94C0EE502018}.Debug|Any CPU.Build.0 = Debug|Any CPU
		{00AD0491-4675-48EB-B8FA-94C0EE502018}.Release|Any CPU.ActiveCfg = Release|Any CPU
		{00AD0491-4675-48EB-B8FA-94C0EE502018}.Release|Any CPU.Build.0 = Release|Any CPU
		{BD5C9E48-61B5-4A2C-ACE0-3503274CF066}.Debug|Any CPU.ActiveCfg = Debug|Any CPU
		{BD5C9E48-61B5-4A2C-ACE0-3503274CF066}.Debug|Any CPU.Build.0 = Debug|Any CPU
		{BD5C9E48-61B5-4A2C-ACE0-3503274CF066}.Release|Any CPU.ActiveCfg = Release|Any CPU
		{BD5C9E48-61B5-4A2C-ACE0-3503274CF066}.Release|Any CPU.Build.0 = Release|Any CPU
		{C9267F42-1EB1-453F-80EE-8992469EB950}.Debug|Any CPU.ActiveCfg = Debug|Any CPU
		{C9267F42-1EB1-453F-80EE-8992469EB950}.Debug|Any CPU.Build.0 = Debug|Any CPU
		{C9267F42-1EB1-453F-80EE-8992469EB950}.Release|Any CPU.ActiveCfg = Release|Any CPU
		{C9267F42-1EB1-453F-80EE-8992469EB950}.Release|Any CPU.Build.0 = Release|Any CPU
	EndGlobalSection
	GlobalSection(SolutionProperties) = preSolution
		HideSolutionNode = FALSE
	EndGlobalSection
	GlobalSection(NestedProjects) = preSolution
		{C9267F42-1EB1-453F-80EE-8992469EB950} = {E25E5140-8A91-48AF-B1A6-2FAEDE57B598}
	EndGlobalSection
	GlobalSection(ExtensibilityGlobals) = postSolution
		SolutionGuid = {AA6C73A1-9D20-4C7E-A02A-7C60C3B98493}
	EndGlobalSection
EndGlobal
